PODS:
  - MBProgressHUD (1.1.0)

DEPENDENCIES:
  - MBProgressHUD (~> 1.1.0)

SPEC REPOS:
  https://github.com/cocoapods/specs.git:
    - MBProgressHUD

SPEC CHECKSUMS:
  MBProgressHUD: e7baa36a220447d8aeb12769bf0585582f3866d9

PODFILE CHECKSUM: 696721625c78e18e74c8bff8ebb6b1d26bacff15

COCOAPODS: 1.7.0
